// !$*UTF8*$!
{
	archiveVersion = 1;
	classes = {
	};
	objectVersion = 46;
	objects = {

/* Begin PBXBuildFile section */
		55BDCED31DAB922B008B86E1 /* main.cpp in Sources */ = {isa = PBXBuildFile; fileRef = 55BDCED21DAB922B008B86E1 /* main.cpp */; };
		55BDCEDB1DAB9241008B86E1 /* BallsNBins.cpp in Sources */ = {isa = PBXBuildFile; fileRef = 55BDCED91DAB9241008B86E1 /* BallsNBins.cpp */; };
/* End PBXBuildFile section */

/* Begin PBXCopyFilesBuildPhase section */
		55BDCECD1DAB922B008B86E1 /* CopyFiles */ = {
			isa = PBXCopyFilesBuildPhase;
			buildActionMask = 2147483647;
			dstPath = /usr/share/man/man1/;
			dstSubfolderSpec = 0;
			files = (
			);
			runOnlyForDeploymentPostprocessing = 1;
		};
/* End PBXCopyFilesBuildPhase section */

/* Begin PBXFileReference section */
		55BDCECF1DAB922B008B86E1 /* BallsNBins */ = {isa = PBXFileReference; explicitFileType = "compiled.mach-o.executable"; includeInIndex = 0; path = BallsNBins; sourceTree = BUILT_PRODUCTS_DIR; };
		55BDCED21DAB922B008B86E1 /* main.cpp */ = {isa = PBXFileReference; lastKnownFileType = sourcecode.cpp.cpp; path = main.cpp; sourceTree = "<group>"; };
		55BDCED91DAB9241008B86E1 /* BallsNBins.cpp */ = {isa = PBXFileReference; fileEncoding = 4; lastKnownFileType = sourcecode.cpp.cpp; path = BallsNBins.cpp; sourceTree = "<group>"; };
		55BDCEDA1DAB9241008B86E1 /* BallsNBins.hpp */ = {isa = PBXFileReference; fileEncoding = 4; lastKnownFileType = sourcecode.cpp.h; path = BallsNBins.hpp; sourceTree = "<group>"; };
/* End PBXFileReference section */

/* Begin PBXFrameworksBuildPhase section */
		55BDCECC1DAB922B008B86E1 /* Frameworks */ = {
			isa = PBXFrameworksBuildPhase;
			buildActionMask = 2147483647;
			files = (
			);
			runOnlyForDeploymentPostprocessing = 0;
		};
/* End PBXFrameworksBuildPhase section */

/* Begin PBXGroup section */
		55BDCEC61DAB922B008B86E1 = {
			isa = PBXGroup;
			children = (
				55BDCED11DAB922B008B86E1 /* BallsNBins */,
				55BDCED01DAB922B008B86E1 /* Products */,
			);
			sourceTree = "<group>";
		};
		55BDCED01DAB922B008B86E1 /* Products */ = {
			isa = PBXGroup;
			children = (
				55BDCECF1DAB922B008B86E1 /* BallsNBins */,
			);
			name = Products;
			sourceTree = "<group>";
		};
		55BDCED11DAB922B008B86E1 /* BallsNBins */ = {
			isa = PBXGroup;
			children = (
				55BDCED21DAB922B008B86E1 /* main.cpp */,
				55BDCED91DAB9241008B86E1 /* BallsNBins.cpp */,
				55BDCEDA1DAB9241008B86E1 /* BallsNBins.hpp */,
			);
			path = BallsNBins;
			sourceTree = "<group>";
		};
/* End PBXGroup section */

/* Begin PBXNativeTarget section */
		55BDCECE1DAB922B008B86E1 /* BallsNBins */ = {
			isa = PBXNativeTarget;
			buildConfigurationList = 55BDCED61DAB922B008B86E1 /* Build configuration list for PBXNativeTarget "BallsNBins" */;
			buildPhases = (
				55BDCECB1DAB922B008B86E1 /* Sources */,
				55BDCECC1DAB922B008B86E1 /* Frameworks */,
				55BDCECD1DAB922B008B86E1 /* CopyFiles */,
			);
			buildRules = (
			);
			dependencies = (
			);
			name = BallsNBins;
			productName = BallsNBins;
			productReference = 55BDCECF1DAB922B008B86E1 /* BallsNBins */;
			productType = "com.apple.product-type.tool";
		};
/* End PBXNativeTarget section */

/* Begin PBXProject section */
		55BDCEC71DAB922B008B86E1 /* Project object */ = {
			isa = PBXProject;
			attributes = {
				LastUpgradeCheck = 0730;
				ORGANIZATIONNAME = "Katrine Maria Nielsen";
				TargetAttributes = {
					55BDCECE1DAB922B008B86E1 = {
						CreatedOnToolsVersion = 7.3;
					};
				};
			};
			buildConfigurationList = 55BDCECA1DAB922B008B86E1 /* Build configuration list for PBXProject "BallsNBins" */;
			compatibilityVersion = "Xcode 3.2";
			developmentRegion = English;
			hasScannedForEncodings = 0;
			knownRegions = (
				en,
			);
			mainGroup = 55BDCEC61DAB922B008B86E1;
			productRefGroup = 55BDCED01DAB922B008B86E1 /* Products */;
			projectDirPath = "";
			projectRoot = "";
			targets = (
				55BDCECE1DAB922B008B86E1 /* BallsNBins */,
			);
		};
/* End PBXProject section */

/* Begin PBXSourcesBuildPhase section */
		55BDCECB1DAB922B008B86E1 /* Sources */ = {
			isa = PBXSourcesBuildPhase;
			buildActionMask = 2147483647;
			files = (
				55BDCED31DAB922B008B86E1 /* main.cpp in Sources */,
				55BDCEDB1DAB9241008B86E1 /* BallsNBins.cpp in Sources */,
			);
			runOnlyForDeploymentPostprocessing = 0;
		};
/* End PBXSourcesBuildPhase section */

/* Begin XCBuildConfiguration section */
		55BDCED41DAB922B008B86E1 /* Debug */ = {
			isa = XCBuildConfiguration;
			buildSettings = {
				ALWAYS_SEARCH_USER_PATHS = NO;
				CLANG_ANALYZER_NONNULL = YES;
				CLANG_CXX_LANGUAGE_STANDARD = "gnu++0x";
				CLANG_CXX_LIBRARY = "libc++";
				CLANG_ENABLE_MODULES = YES;
				CLANG_ENABLE_OBJC_ARC = YES;
				CLANG_WARN_BOOL_CONVERSION = YES;
				CLANG_WARN_CONSTANT_CONVERSION = YES;
				CLANG_WARN_DIRECT_OBJC_ISA_USAGE = YES_ERROR;
				CLANG_WARN_EMPTY_BODY = YES;
				CLANG_WARN_ENUM_CONVERSION = YES;
				CLANG_WARN_INT_CONVERSION = YES;
				CLANG_WARN_OBJC_ROOT_CLASS = YES_ERROR;
				CLANG_WARN_UNREACHABLE_CODE = YES;
				CLANG_WARN__DUPLICATE_METHOD_MATCH = YES;
				CODE_SIGN_IDENTITY = "-";
				COPY_PHASE_STRIP = NO;
				DEBUG_INFORMATION_FORMAT = dwarf;
				ENABLE_STRICT_OBJC_MSGSEND = YES;
				ENABLE_TESTABILITY = YES;
				GCC_C_LANGUAGE_STANDARD = gnu99;
				GCC_DYNAMIC_NO_PIC = NO;
				GCC_NO_COMMON_BLOCKS = YES;
				GCC_OPTIMIZATION_LEVEL = 0;
				GCC_PREPROCESSOR_DEFINITIONS = (
					"DEBUG=1",
					"$(inherited)",
				);
				GCC_WARN_64_TO_32_BIT_CONVERSION = YES;
				GCC_WARN_ABOUT_RETURN_TYPE = YES_ERROR;
				GCC_WARN_UNDECLARED_SELECTOR = YES;
				GCC_WARN_UNINITIALIZED_AUTOS = YES_AGGRESSIVE;
				GCC_WARN_UNUSED_FUNCTION = YES;
				GCC_WARN_UNUSED_VARIABLE = YES;
				MACOSX_DEPLOYMENT_TARGET = 10.11;
				MTL_ENABLE_DEBUG_INFO = YES;
				ONLY_ACTIVE_ARCH = YES;
				SDKROOT = macosx;
			};
			name = Debug;
		};
		55BDCED51DAB922B008B86E1 /* Release */ = {
			isa = XCBuildConfiguration;
			buildSettings = {
				ALWAYS_SEARCH_USER_PATHS = NO;
				CLANG_ANALYZER_NONNULL = YES;
				CLANG_CXX_LANGUAGE_STANDARD = "gnu++0x";
				CLANG_CXX_LIBRARY = "libc++";
				CLANG_ENABLE_MODULES = YES;
				CLANG_ENABLE_OBJC_ARC = YES;
				CLANG_WARN_BOOL_CONVERSION = YES;
				CLANG_WARN_CONSTANT_CONVERSION = YES;
				CLANG_WARN_DIRECT_OBJC_ISA_USAGE = YES_ERROR;
				CLANG_WARN_EMPTY_BODY = YES;
				CLANG_WARN_ENUM_CONVERSION = YES;
				CLANG_WARN_INT_CONVERSION = YES;
				CLANG_WARN_OBJC_ROOT_CLASS = YES_ERROR;
				CLANG_WARN_UNREACHABLE_CODE = YES;
				CLANG_WARN__DUPLICATE_METHOD_MATCH = YES;
				CODE_SIGN_IDENTITY = "-";
				COPY_PHASE_STRIP = NO;
				DEBUG_INFORMATION_FORMAT = "dwarf-with-dsym";
				ENABLE_NS_ASSERTIONS = NO;
				ENABLE_STRICT_OBJC_MSGSEND = YES;
				GCC_C_LANGUAGE_STANDARD = gnu99;
				GCC_NO_COMMON_BLOCKS = YES;
				GCC_WARN_64_TO_32_BIT_CONVERSION = YES;
				GCC_WARN_ABOUT_RETURN_TYPE = YES_ERROR;
				GCC_WARN_UNDECLARED_SELECTOR = YES;
				GCC_WARN_UNINITIALIZED_AUTOS = YES_AGGRESSIVE;
				GCC_WARN_UNUSED_FUNCTION = YES;
				GCC_WARN_UNUSED_VARIABLE = YES;
				MACOSX_DEPLOYMENT_TARGET = 10.11;
				MTL_ENABLE_DEBUG_INFO = NO;
				SDKROOT = macosx;
			};
			name = Release;
		};
		55BDCED71DAB922B008B86E1 /* Debug */ = {
			isa = XCBuildConfiguration;
			buildSettings = {
				PRODUCT_NAME = "$(TARGET_NAME)";
			};
			name = Debug;
		};
		55BDCED81DAB922B008B86E1 /* Release */ = {
			isa = XCBuildConfiguration;
			buildSettings = {
				PRODUCT_NAME = "$(TARGET_NAME)";
			};
			name = Release;
		};
/* End XCBuildConfiguration section */

/* Begin XCConfigurationList section */
		55BDCECA1DAB922B008B86E1 /* Build configuration list for PBXProject "BallsNBins" */ = {
			isa = XCConfigurationList;
			buildConfigurations = (
				55BDCED41DAB922B008B86E1 /* Debug */,
				55BDCED51DAB922B008B86E1 /* Release */,
			);
			defaultConfigurationIsVisible = 0;
			defaultConfigurationName = Release;
		};
		55BDCED61DAB922B008B86E1 /* Build configuration list for PBXNativeTarget "BallsNBins" */ = {
			isa = XCConfigurationList;
			buildConfigurations = (
				55BDCED71DAB922B008B86E1 /* Debug */,
				55BDCED81DAB922B008B86E1 /* Release */,
			);
			defaultConfigurationIsVisible = 0;
		};
/* End XCConfigurationList section */
	};
	rootObject = 55BDCEC71DAB922B008B86E1 /* Project object */;
}
